
Microsoft Visual Studio Solution File, Format Version 12.00
# Visual Studio Version 17
VisualStudioVersion = 17.9.34902.65
MinimumVisualStudioVersion = 10.0.40219.1
Project("{2150E333-8FDC-42A3-9474-1A3956D46DE8}") = "src", "src", "{B9291585-4699-4B56-B078-60D9A3463EF5}"
EndProject
Project("{2150E333-8FDC-42A3-9474-1A3956D46DE8}") = "1 - API", "1 - API", "{8DB09BDD-60F8-4FEC-8458-5687FC9D764E}"
EndProject
Project("{2150E333-8FDC-42A3-9474-1A3956D46DE8}") = "2 - Application", "2 - Application", "{FBE7AA56-CE78-446F-9D11-87E35F638732}"
EndProject
Project("{2150E333-8FDC-42A3-9474-1A3956D46DE8}") = "3 - Domain", "3 - Domain", "{FF7DE41E-AC96-42F4-B7B5-CFA644C8E55E}"
EndProject
Project("{2150E333-8FDC-42A3-9474-1A3956D46DE8}") = "4 - Infrastructure", "4 - Infrastructure", "{29AF8E45-E147-4A54-9416-BBE7C4D473D9}"
EndProject
Project("{2150E333-8FDC-42A3-9474-1A3956D46DE8}") = "4.1 - Data", "4.1 - Data", "{24BACF80-E5D5-44CD-ADEC-1D75B1BE3CAA}"
EndProject
Project("{2150E333-8FDC-42A3-9474-1A3956D46DE8}") = "4.2 - CrossCutting", "4.2 - CrossCutting", "{AB381A3E-7880-4DF2-ABBF-9201215EA4C5}"
EndProject
Project("{9A19103F-16F7-4668-BE54-9A1E7A4F7556}") = "TesteStefanini.Api", "src\TesteStefanini.Api\TesteStefanini.Api.csproj", "{A75C9400-6592-44B6-9F53-D11FEB0A271D}"
EndProject
Project("{9A19103F-16F7-4668-BE54-9A1E7A4F7556}") = "TesteStefanini.Application", "src\TesteStefanini.Application\TesteStefanini.Application.csproj", "{0A18D954-6F32-4682-AEF2-8C8589A2D169}"
EndProject
Project("{9A19103F-16F7-4668-BE54-9A1E7A4F7556}") = "TesteStefanini.Domain", "src\TesteStefanini.Domain\TesteStefanini.Domain.csproj", "{C2854392-117B-4A7D-86A5-DE0F9AA2D38C}"
EndProject
Project("{9A19103F-16F7-4668-BE54-9A1E7A4F7556}") = "TesteStefanini.Data", "src\TesteStefanini.Data\TesteStefanini.Data.csproj", "{7198E67E-86C0-483B-B3B3-B0425698E5B2}"
EndProject
Project("{9A19103F-16F7-4668-BE54-9A1E7A4F7556}") = "TesteStefanini.Commons", "src\TesteStefanini.Commons\TesteStefanini.Commons.csproj", "{28B484B3-2CCF-42CF-85E4-0BF759C62410}"
EndProject
Project("{9A19103F-16F7-4668-BE54-9A1E7A4F7556}") = "TesteStefanini.IoC", "src\TesteStefanini.IoC\TesteStefanini.IoC.csproj", "{2CA89199-1819-4FC7-A606-7595273F1353}"
EndProject
Global
	GlobalSection(SolutionConfigurationPlatforms) = preSolution
		Debug|Any CPU = Debug|Any CPU
		Release|Any CPU = Release|Any CPU
	EndGlobalSection
	GlobalSection(ProjectConfigurationPlatforms) = postSolution
		{A75C9400-6592-44B6-9F53-D11FEB0A271D}.Debug|Any CPU.ActiveCfg = Debug|Any CPU
		{A75C9400-6592-44B6-9F53-D11FEB0A271D}.Debug|Any CPU.Build.0 = Debug|Any CPU
		{A75C9400-6592-44B6-9F53-D11FEB0A271D}.Release|Any CPU.ActiveCfg = Release|Any CPU
		{A75C9400-6592-44B6-9F53-D11FEB0A271D}.Release|Any CPU.Build.0 = Release|Any CPU
		{0A18D954-6F32-4682-AEF2-8C8589A2D169}.Debug|Any CPU.ActiveCfg = Debug|Any CPU
		{0A18D954-6F32-4682-AEF2-8C8589A2D169}.Debug|Any CPU.Build.0 = Debug|Any CPU
		{0A18D954-6F32-4682-AEF2-8C8589A2D169}.Release|Any CPU.ActiveCfg = Release|Any CPU
		{0A18D954-6F32-4682-AEF2-8C8589A2D169}.Release|Any CPU.Build.0 = Release|Any CPU
		{C2854392-117B-4A7D-86A5-DE0F9AA2D38C}.Debug|Any CPU.ActiveCfg = Debug|Any CPU
		{C2854392-117B-4A7D-86A5-DE0F9AA2D38C}.Debug|Any CPU.Build.0 = Debug|Any CPU
		{C2854392-117B-4A7D-86A5-DE0F9AA2D38C}.Release|Any CPU.ActiveCfg = Release|Any CPU
		{C2854392-117B-4A7D-86A5-DE0F9AA2D38C}.Release|Any CPU.Build.0 = Release|Any CPU
		{7198E67E-86C0-483B-B3B3-B0425698E5B2}.Debug|Any CPU.ActiveCfg = Debug|Any CPU
		{7198E67E-86C0-483B-B3B3-B0425698E5B2}.Debug|Any CPU.Build.0 = Debug|Any CPU
		{7198E67E-86C0-483B-B3B3-B0425698E5B2}.Release|Any CPU.ActiveCfg = Release|Any CPU
		{7198E67E-86C0-483B-B3B3-B0425698E5B2}.Release|Any CPU.Build.0 = Release|Any CPU
		{28B484B3-2CCF-42CF-85E4-0BF759C62410}.Debug|Any CPU.ActiveCfg = Debug|Any CPU
		{28B484B3-2CCF-42CF-85E4-0BF759C62410}.Debug|Any CPU.Build.0 = Debug|Any CPU
		{28B484B3-2CCF-42CF-85E4-0BF759C62410}.Release|Any CPU.ActiveCfg = Release|Any CPU
		{28B484B3-2CCF-42CF-85E4-0BF759C62410}.Release|Any CPU.Build.0 = Release|Any CPU
		{2CA89199-1819-4FC7-A606-7595273F1353}.Debug|Any CPU.ActiveCfg = Debug|Any CPU
		{2CA89199-1819-4FC7-A606-7595273F1353}.Debug|Any CPU.Build.0 = Debug|Any CPU
		{2CA89199-1819-4FC7-A606-7595273F1353}.Release|Any CPU.ActiveCfg = Release|Any CPU
		{2CA89199-1819-4FC7-A606-7595273F1353}.Release|Any CPU.Build.0 = Release|Any CPU
	EndGlobalSection
	GlobalSection(SolutionProperties) = preSolution
		HideSolutionNode = FALSE
	EndGlobalSection
	GlobalSection(NestedProjects) = preSolution
		{8DB09BDD-60F8-4FEC-8458-5687FC9D764E} = {B9291585-4699-4B56-B078-60D9A3463EF5}
		{FBE7AA56-CE78-446F-9D11-87E35F638732} = {B9291585-4699-4B56-B078-60D9A3463EF5}
		{FF7DE41E-AC96-42F4-B7B5-CFA644C8E55E} = {B9291585-4699-4B56-B078-60D9A3463EF5}
		{29AF8E45-E147-4A54-9416-BBE7C4D473D9} = {B9291585-4699-4B56-B078-60D9A3463EF5}
		{24BACF80-E5D5-44CD-ADEC-1D75B1BE3CAA} = {29AF8E45-E147-4A54-9416-BBE7C4D473D9}
		{AB381A3E-7880-4DF2-ABBF-9201215EA4C5} = {29AF8E45-E147-4A54-9416-BBE7C4D473D9}
		{A75C9400-6592-44B6-9F53-D11FEB0A271D} = {8DB09BDD-60F8-4FEC-8458-5687FC9D764E}
		{0A18D954-6F32-4682-AEF2-8C8589A2D169} = {FBE7AA56-CE78-446F-9D11-87E35F638732}
		{C2854392-117B-4A7D-86A5-DE0F9AA2D38C} = {FF7DE41E-AC96-42F4-B7B5-CFA644C8E55E}
		{7198E67E-86C0-483B-B3B3-B0425698E5B2} = {24BACF80-E5D5-44CD-ADEC-1D75B1BE3CAA}
		{28B484B3-2CCF-42CF-85E4-0BF759C62410} = {AB381A3E-7880-4DF2-ABBF-9201215EA4C5}
		{2CA89199-1819-4FC7-A606-7595273F1353} = {AB381A3E-7880-4DF2-ABBF-9201215EA4C5}
	EndGlobalSection
	GlobalSection(ExtensibilityGlobals) = postSolution
		SolutionGuid = {49B9802D-A911-4786-869C-BC517AF616A2}
	EndGlobalSection
EndGlobal
